
Microsoft Visual Studio Solution File, Format Version 12.00
# Visual Studio Version 17
VisualStudioVersion = 17.3.32922.545
MinimumVisualStudioVersion = 10.0.40219.1
Project("{D954291E-2A0B-460D-934E-DC6B0785DB48}") = "NSUShared", "NSUShared.shproj", "{1A236C1B-6D46-4B7D-AD43-6D700B6591BE}"
EndProject
Global
	GlobalSection(SolutionProperties) = preSolution
		HideSolutionNode = FALSE
	EndGlobalSection
	GlobalSection(ExtensibilityGlobals) = postSolution
		SolutionGuid = {2E3F7D29-DF56-419A-927D-79750EE3B9CB}
	EndGlobalSection
	GlobalSection(SharedMSBuildProjectFiles) = preSolution
		NSUShared.projitems*{1a236c1b-6d46-4b7d-ad43-6d700b6591be}*SharedItemsImports = 13
	EndGlobalSection
EndGlobal
